
Microsoft Visual Studio Solution File, Format Version 12.00
# Visual Studio Version 16
VisualStudioVersion = 16.0.31025.194
MinimumVisualStudioVersion = 10.0.40219.1
Project("{2150E333-8FDC-42A3-9474-1A3956D46DE8}") = "src", "src", "{FCED52CE-C6D5-4A28-8D68-835413FF2C7C}"
EndProject
Project("{2150E333-8FDC-42A3-9474-1A3956D46DE8}") = "tests", "tests", "{6E3FF91B-BC4C-4FD0-ABD6-35859FDC75D1}"
EndProject
Project("{9A19103F-16F7-4668-BE54-9A1E7A4F7556}") = "GuimoSoft.Bus.Kafka", "src\GuimoSoft.Bus.Kafka\GuimoSoft.Bus.Kafka.csproj", "{76426755-0268-494D-BAD5-0A138F6E0FD4}"
EndProject
Project("{9A19103F-16F7-4668-BE54-9A1E7A4F7556}") = "GuimoSoft.Logger", "src\GuimoSoft.Logger\GuimoSoft.Logger.csproj", "{D6EE4BB3-253D-4BF1-A40D-A817906E85ED}"
EndProject
Project("{9A19103F-16F7-4668-BE54-9A1E7A4F7556}") = "GuimoSoft.Core", "src\GuimoSoft.Core\GuimoSoft.Core.csproj", "{A93F2903-0725-49B9-83B7-FB0A6C5106F0}"
EndProject
Project("{9A19103F-16F7-4668-BE54-9A1E7A4F7556}") = "GuimoSoft.Bus.Tests", "tests\GuimoSoft.Bus.Tests\GuimoSoft.Bus.Tests.csproj", "{89B3C059-4BEC-4E7E-880F-A663121E7ACB}"
EndProject
Project("{9A19103F-16F7-4668-BE54-9A1E7A4F7556}") = "GuimoSoft.Logger.Tests", "tests\GuimoSoft.Logger.Tests\GuimoSoft.Logger.Tests.csproj", "{1264626C-014D-4EE8-893E-4569F79BD451}"
EndProject
Project("{9A19103F-16F7-4668-BE54-9A1E7A4F7556}") = "GuimoSoft.Core.Tests", "tests\GuimoSoft.Core.Tests\GuimoSoft.Core.Tests.csproj", "{636EE8BF-BA1A-4F4B-BE74-EA1E0CD7FADA}"
EndProject
Project("{9A19103F-16F7-4668-BE54-9A1E7A4F7556}") = "GuimoSoft.Bus.Abstractions", "src\GuimoSoft.Bus.Abstractions\GuimoSoft.Bus.Abstractions.csproj", "{0067C006-D6AA-4980-87F1-C0CEE2283ADE}"
EndProject
Project("{9A19103F-16F7-4668-BE54-9A1E7A4F7556}") = "GuimoSoft.Cryptography.RSA", "src\GuimoSoft.Cryptography.RSA\GuimoSoft.Cryptography.RSA.csproj", "{A724F1F1-201F-40D7-A115-2307A329CCF2}"
EndProject
Project("{9A19103F-16F7-4668-BE54-9A1E7A4F7556}") = "GuimoSoft.Cryptography.AspNetCore", "src\GuimoSoft.Cryptography.AspNetCore\GuimoSoft.Cryptography.AspNetCore.csproj", "{78F97A77-7BDC-4EE2-B8E0-38DB8A2473CA}"
EndProject
Project("{9A19103F-16F7-4668-BE54-9A1E7A4F7556}") = "GuimoSoft.Cryptography.Tests", "tests\GuimoSoft.Cryptography.Tests\GuimoSoft.Cryptography.Tests.csproj", "{B40F74BD-86F4-4551-B6DB-1C19A3227180}"
EndProject
Project("{9A19103F-16F7-4668-BE54-9A1E7A4F7556}") = "GuimoSoft.Core.AspNetCore", "src\GuimoSoft.Core.AspNetCore\GuimoSoft.Core.AspNetCore.csproj", "{328F1443-582D-4A23-A9CC-71753BB8E90C}"
EndProject
Project("{9A19103F-16F7-4668-BE54-9A1E7A4F7556}") = "GuimoSoft.Cache", "src\GuimoSoft.Cache\GuimoSoft.Cache.csproj", "{4186C7C3-28FD-43A6-91A7-8FE347CCBB6B}"
EndProject
Project("{9A19103F-16F7-4668-BE54-9A1E7A4F7556}") = "GuimoSoft.Cache.InMemory", "src\GuimoSoft.Cache.InMemory\GuimoSoft.Cache.InMemory.csproj", "{D99CC1A2-DFC3-4F23-8A8F-06FB851DF33A}"
EndProject
Project("{9A19103F-16F7-4668-BE54-9A1E7A4F7556}") = "GuimoSoft.Cache.Resilience", "src\GuimoSoft.Cache.Resilience\GuimoSoft.Cache.Resilience.csproj", "{B8969A12-6AC0-4253-B2E1-58B9A9E93B52}"
EndProject
Project("{2150E333-8FDC-42A3-9474-1A3956D46DE8}") = "Cache", "Cache", "{A95E394F-D184-442B-B155-0D298EA9B071}"
EndProject
Project("{2150E333-8FDC-42A3-9474-1A3956D46DE8}") = "Core", "Core", "{EFB4AFEB-B88D-418C-903E-4D43CF691906}"
EndProject
Project("{2150E333-8FDC-42A3-9474-1A3956D46DE8}") = "Cryptography", "Cryptography", "{ED3A0073-49F7-4671-AFBA-4C4B656957D2}"
EndProject
Project("{2150E333-8FDC-42A3-9474-1A3956D46DE8}") = "Logger", "Logger", "{5E860BED-B7BE-44B0-9D60-F7275B0556A3}"
EndProject
Project("{2150E333-8FDC-42A3-9474-1A3956D46DE8}") = "Bus", "Bus", "{DCB5470E-2583-4490-8D3C-C70C8D588C27}"
EndProject
Project("{2150E333-8FDC-42A3-9474-1A3956D46DE8}") = "Notifications", "Notifications", "{A6FF0934-5B69-4717-A7FA-E0A093D8581E}"
EndProject
Project("{9A19103F-16F7-4668-BE54-9A1E7A4F7556}") = "GuimoSoft.Cache.Tests", "tests\GuimoSoft.Cache.Tests\GuimoSoft.Cache.Tests.csproj", "{443978C3-0EB0-47BF-8A73-271D93104948}"
EndProject
Project("{9A19103F-16F7-4668-BE54-9A1E7A4F7556}") = "GuimoSoft.Notifications", "src\GuimoSoft.Notifications\GuimoSoft.Notifications.csproj", "{8A034EC9-DDAF-42DF-A9DA-C18705F3BC61}"
EndProject
Project("{9A19103F-16F7-4668-BE54-9A1E7A4F7556}") = "GuimoSoft.Notifications.AspNetCore", "src\GuimoSoft.Notifications.AspNetCore\GuimoSoft.Notifications.AspNetCore.csproj", "{820613BE-13CE-406D-B173-B836C6EFC7C4}"
EndProject
Project("{9A19103F-16F7-4668-BE54-9A1E7A4F7556}") = "GuimoSoft.Notifications.Tests", "tests\GuimoSoft.Notifications.Tests\GuimoSoft.Notifications.Tests.csproj", "{96DF977F-9E4C-4657-A305-67738D3209B8}"
EndProject
Project("{9A19103F-16F7-4668-BE54-9A1E7A4F7556}") = "GuimoSoft.Logger.AspNetCore", "src\GuimoSoft.Logger.AspNetCore\GuimoSoft.Logger.AspNetCore.csproj", "{9791D3D8-C7D1-4F8A-9719-5CA2B07075C5}"
EndProject
Project("{9A19103F-16F7-4668-BE54-9A1E7A4F7556}") = "GuimoSoft.Bus.Core", "src\GuimoSoft.Bus.Core\GuimoSoft.Bus.Core.csproj", "{566CEB1E-2E1E-483D-9435-0473ECD14C91}"
EndProject
Project("{9A19103F-16F7-4668-BE54-9A1E7A4F7556}") = "GuimoSoft.Core.Serialization", "src\GuimoSoft.Core.Serialization\GuimoSoft.Core.Serialization.csproj", "{A8516CF4-2769-44CB-9AD9-84595F2356D2}"
EndProject
Project("{2150E333-8FDC-42A3-9474-1A3956D46DE8}") = "benchmarks", "benchmarks", "{0C6316E1-C220-41FD-A5D4-6025D7AA95B0}"
EndProject
Project("{9A19103F-16F7-4668-BE54-9A1E7A4F7556}") = "GuimoSoft.Benchmark.Bus", "benchmark\GuimoSoft.Benchmark.Bus\GuimoSoft.Benchmark.Bus.csproj", "{D1190B07-21E8-4FF4-A67F-E20ABC2FDC58}"
EndProject
Global
	GlobalSection(SolutionConfigurationPlatforms) = preSolution
		Debug|Any CPU = Debug|Any CPU
		Release|Any CPU = Release|Any CPU
	EndGlobalSection
	GlobalSection(ProjectConfigurationPlatforms) = postSolution
		{76426755-0268-494D-BAD5-0A138F6E0FD4}.Debug|Any CPU.ActiveCfg = Debug|Any CPU
		{76426755-0268-494D-BAD5-0A138F6E0FD4}.Debug|Any CPU.Build.0 = Debug|Any CPU
		{76426755-0268-494D-BAD5-0A138F6E0FD4}.Release|Any CPU.ActiveCfg = Release|Any CPU
		{76426755-0268-494D-BAD5-0A138F6E0FD4}.Release|Any CPU.Build.0 = Release|Any CPU
		{D6EE4BB3-253D-4BF1-A40D-A817906E85ED}.Debug|Any CPU.ActiveCfg = Debug|Any CPU
		{D6EE4BB3-253D-4BF1-A40D-A817906E85ED}.Debug|Any CPU.Build.0 = Debug|Any CPU
		{D6EE4BB3-253D-4BF1-A40D-A817906E85ED}.Release|Any CPU.ActiveCfg = Release|Any CPU
		{D6EE4BB3-253D-4BF1-A40D-A817906E85ED}.Release|Any CPU.Build.0 = Release|Any CPU
		{A93F2903-0725-49B9-83B7-FB0A6C5106F0}.Debug|Any CPU.ActiveCfg = Debug|Any CPU
		{A93F2903-0725-49B9-83B7-FB0A6C5106F0}.Debug|Any CPU.Build.0 = Debug|Any CPU
		{A93F2903-0725-49B9-83B7-FB0A6C5106F0}.Release|Any CPU.ActiveCfg = Release|Any CPU
		{A93F2903-0725-49B9-83B7-FB0A6C5106F0}.Release|Any CPU.Build.0 = Release|Any CPU
		{89B3C059-4BEC-4E7E-880F-A663121E7ACB}.Debug|Any CPU.ActiveCfg = Debug|Any CPU
		{89B3C059-4BEC-4E7E-880F-A663121E7ACB}.Debug|Any CPU.Build.0 = Debug|Any CPU
		{89B3C059-4BEC-4E7E-880F-A663121E7ACB}.Release|Any CPU.ActiveCfg = Release|Any CPU
		{89B3C059-4BEC-4E7E-880F-A663121E7ACB}.Release|Any CPU.Build.0 = Release|Any CPU
		{1264626C-014D-4EE8-893E-4569F79BD451}.Debug|Any CPU.ActiveCfg = Debug|Any CPU
		{1264626C-014D-4EE8-893E-4569F79BD451}.Debug|Any CPU.Build.0 = Debug|Any CPU
		{1264626C-014D-4EE8-893E-4569F79BD451}.Release|Any CPU.ActiveCfg = Release|Any CPU
		{1264626C-014D-4EE8-893E-4569F79BD451}.Release|Any CPU.Build.0 = Release|Any CPU
		{636EE8BF-BA1A-4F4B-BE74-EA1E0CD7FADA}.Debug|Any CPU.ActiveCfg = Debug|Any CPU
		{636EE8BF-BA1A-4F4B-BE74-EA1E0CD7FADA}.Debug|Any CPU.Build.0 = Debug|Any CPU
		{636EE8BF-BA1A-4F4B-BE74-EA1E0CD7FADA}.Release|Any CPU.ActiveCfg = Release|Any CPU
		{636EE8BF-BA1A-4F4B-BE74-EA1E0CD7FADA}.Release|Any CPU.Build.0 = Release|Any CPU
		{0067C006-D6AA-4980-87F1-C0CEE2283ADE}.Debug|Any CPU.ActiveCfg = Debug|Any CPU
		{0067C006-D6AA-4980-87F1-C0CEE2283ADE}.Debug|Any CPU.Build.0 = Debug|Any CPU
		{0067C006-D6AA-4980-87F1-C0CEE2283ADE}.Release|Any CPU.ActiveCfg = Release|Any CPU
		{0067C006-D6AA-4980-87F1-C0CEE2283ADE}.Release|Any CPU.Build.0 = Release|Any CPU
		{A724F1F1-201F-40D7-A115-2307A329CCF2}.Debug|Any CPU.ActiveCfg = Debug|Any CPU
		{A724F1F1-201F-40D7-A115-2307A329CCF2}.Debug|Any CPU.Build.0 = Debug|Any CPU
		{A724F1F1-201F-40D7-A115-2307A329CCF2}.Release|Any CPU.ActiveCfg = Release|Any CPU
		{A724F1F1-201F-40D7-A115-2307A329CCF2}.Release|Any CPU.Build.0 = Release|Any CPU
		{78F97A77-7BDC-4EE2-B8E0-38DB8A2473CA}.Debug|Any CPU.ActiveCfg = Debug|Any CPU
		{78F97A77-7BDC-4EE2-B8E0-38DB8A2473CA}.Debug|Any CPU.Build.0 = Debug|Any CPU
		{78F97A77-7BDC-4EE2-B8E0-38DB8A2473CA}.Release|Any CPU.ActiveCfg = Release|Any CPU
		{78F97A77-7BDC-4EE2-B8E0-38DB8A2473CA}.Release|Any CPU.Build.0 = Release|Any CPU
		{B40F74BD-86F4-4551-B6DB-1C19A3227180}.Debug|Any CPU.ActiveCfg = Debug|Any CPU
		{B40F74BD-86F4-4551-B6DB-1C19A3227180}.Debug|Any CPU.Build.0 = Debug|Any CPU
		{B40F74BD-86F4-4551-B6DB-1C19A3227180}.Release|Any CPU.ActiveCfg = Release|Any CPU
		{B40F74BD-86F4-4551-B6DB-1C19A3227180}.Release|Any CPU.Build.0 = Release|Any CPU
		{328F1443-582D-4A23-A9CC-71753BB8E90C}.Debug|Any CPU.ActiveCfg = Debug|Any CPU
		{328F1443-582D-4A23-A9CC-71753BB8E90C}.Debug|Any CPU.Build.0 = Debug|Any CPU
		{328F1443-582D-4A23-A9CC-71753BB8E90C}.Release|Any CPU.ActiveCfg = Release|Any CPU
		{328F1443-582D-4A23-A9CC-71753BB8E90C}.Release|Any CPU.Build.0 = Release|Any CPU
		{4186C7C3-28FD-43A6-91A7-8FE347CCBB6B}.Debug|Any CPU.ActiveCfg = Debug|Any CPU
		{4186C7C3-28FD-43A6-91A7-8FE347CCBB6B}.Debug|Any CPU.Build.0 = Debug|Any CPU
		{4186C7C3-28FD-43A6-91A7-8FE347CCBB6B}.Release|Any CPU.ActiveCfg = Release|Any CPU
		{4186C7C3-28FD-43A6-91A7-8FE347CCBB6B}.Release|Any CPU.Build.0 = Release|Any CPU
		{D99CC1A2-DFC3-4F23-8A8F-06FB851DF33A}.Debug|Any CPU.ActiveCfg = Debug|Any CPU
		{D99CC1A2-DFC3-4F23-8A8F-06FB851DF33A}.Debug|Any CPU.Build.0 = Debug|Any CPU
		{D99CC1A2-DFC3-4F23-8A8F-06FB851DF33A}.Release|Any CPU.ActiveCfg = Release|Any CPU
		{D99CC1A2-DFC3-4F23-8A8F-06FB851DF33A}.Release|Any CPU.Build.0 = Release|Any CPU
		{B8969A12-6AC0-4253-B2E1-58B9A9E93B52}.Debug|Any CPU.ActiveCfg = Debug|Any CPU
		{B8969A12-6AC0-4253-B2E1-58B9A9E93B52}.Debug|Any CPU.Build.0 = Debug|Any CPU
		{B8969A12-6AC0-4253-B2E1-58B9A9E93B52}.Release|Any CPU.ActiveCfg = Release|Any CPU
		{B8969A12-6AC0-4253-B2E1-58B9A9E93B52}.Release|Any CPU.Build.0 = Release|Any CPU
		{443978C3-0EB0-47BF-8A73-271D93104948}.Debug|Any CPU.ActiveCfg = Debug|Any CPU
		{443978C3-0EB0-47BF-8A73-271D93104948}.Debug|Any CPU.Build.0 = Debug|Any CPU
		{443978C3-0EB0-47BF-8A73-271D93104948}.Release|Any CPU.ActiveCfg = Release|Any CPU
		{443978C3-0EB0-47BF-8A73-271D93104948}.Release|Any CPU.Build.0 = Release|Any CPU
		{8A034EC9-DDAF-42DF-A9DA-C18705F3BC61}.Debug|Any CPU.ActiveCfg = Debug|Any CPU
		{8A034EC9-DDAF-42DF-A9DA-C18705F3BC61}.Debug|Any CPU.Build.0 = Debug|Any CPU
		{8A034EC9-DDAF-42DF-A9DA-C18705F3BC61}.Release|Any CPU.ActiveCfg = Release|Any CPU
		{8A034EC9-DDAF-42DF-A9DA-C18705F3BC61}.Release|Any CPU.Build.0 = Release|Any CPU
		{820613BE-13CE-406D-B173-B836C6EFC7C4}.Debug|Any CPU.ActiveCfg = Debug|Any CPU
		{820613BE-13CE-406D-B173-B836C6EFC7C4}.Debug|Any CPU.Build.0 = Debug|Any CPU
		{820613BE-13CE-406D-B173-B836C6EFC7C4}.Release|Any CPU.ActiveCfg = Release|Any CPU
		{820613BE-13CE-406D-B173-B836C6EFC7C4}.Release|Any CPU.Build.0 = Release|Any CPU
		{96DF977F-9E4C-4657-A305-67738D3209B8}.Debug|Any CPU.ActiveCfg = Debug|Any CPU
		{96DF977F-9E4C-4657-A305-67738D3209B8}.Debug|Any CPU.Build.0 = Debug|Any CPU
		{96DF977F-9E4C-4657-A305-67738D3209B8}.Release|Any CPU.ActiveCfg = Release|Any CPU
		{96DF977F-9E4C-4657-A305-67738D3209B8}.Release|Any CPU.Build.0 = Release|Any CPU
		{9791D3D8-C7D1-4F8A-9719-5CA2B07075C5}.Debug|Any CPU.ActiveCfg = Debug|Any CPU
		{9791D3D8-C7D1-4F8A-9719-5CA2B07075C5}.Debug|Any CPU.Build.0 = Debug|Any CPU
		{9791D3D8-C7D1-4F8A-9719-5CA2B07075C5}.Release|Any CPU.ActiveCfg = Release|Any CPU
		{9791D3D8-C7D1-4F8A-9719-5CA2B07075C5}.Release|Any CPU.Build.0 = Release|Any CPU
		{566CEB1E-2E1E-483D-9435-0473ECD14C91}.Debug|Any CPU.ActiveCfg = Debug|Any CPU
		{566CEB1E-2E1E-483D-9435-0473ECD14C91}.Debug|Any CPU.Build.0 = Debug|Any CPU
		{566CEB1E-2E1E-483D-9435-0473ECD14C91}.Release|Any CPU.ActiveCfg = Release|Any CPU
		{566CEB1E-2E1E-483D-9435-0473ECD14C91}.Release|Any CPU.Build.0 = Release|Any CPU
		{A8516CF4-2769-44CB-9AD9-84595F2356D2}.Debug|Any CPU.ActiveCfg = Debug|Any CPU
		{A8516CF4-2769-44CB-9AD9-84595F2356D2}.Debug|Any CPU.Build.0 = Debug|Any CPU
		{A8516CF4-2769-44CB-9AD9-84595F2356D2}.Release|Any CPU.ActiveCfg = Release|Any CPU
		{A8516CF4-2769-44CB-9AD9-84595F2356D2}.Release|Any CPU.Build.0 = Release|Any CPU
		{D1190B07-21E8-4FF4-A67F-E20ABC2FDC58}.Debug|Any CPU.ActiveCfg = Debug|Any CPU
		{D1190B07-21E8-4FF4-A67F-E20ABC2FDC58}.Debug|Any CPU.Build.0 = Debug|Any CPU
		{D1190B07-21E8-4FF4-A67F-E20ABC2FDC58}.Release|Any CPU.ActiveCfg = Release|Any CPU
		{D1190B07-21E8-4FF4-A67F-E20ABC2FDC58}.Release|Any CPU.Build.0 = Release|Any CPU
	EndGlobalSection
	GlobalSection(SolutionProperties) = preSolution
		HideSolutionNode = FALSE
	EndGlobalSection
	GlobalSection(NestedProjects) = preSolution
		{76426755-0268-494D-BAD5-0A138F6E0FD4} = {DCB5470E-2583-4490-8D3C-C70C8D588C27}
		{D6EE4BB3-253D-4BF1-A40D-A817906E85ED} = {5E860BED-B7BE-44B0-9D60-F7275B0556A3}
		{A93F2903-0725-49B9-83B7-FB0A6C5106F0} = {EFB4AFEB-B88D-418C-903E-4D43CF691906}
		{89B3C059-4BEC-4E7E-880F-A663121E7ACB} = {6E3FF91B-BC4C-4FD0-ABD6-35859FDC75D1}
		{1264626C-014D-4EE8-893E-4569F79BD451} = {6E3FF91B-BC4C-4FD0-ABD6-35859FDC75D1}
		{636EE8BF-BA1A-4F4B-BE74-EA1E0CD7FADA} = {6E3FF91B-BC4C-4FD0-ABD6-35859FDC75D1}
		{0067C006-D6AA-4980-87F1-C0CEE2283ADE} = {DCB5470E-2583-4490-8D3C-C70C8D588C27}
		{A724F1F1-201F-40D7-A115-2307A329CCF2} = {ED3A0073-49F7-4671-AFBA-4C4B656957D2}
		{78F97A77-7BDC-4EE2-B8E0-38DB8A2473CA} = {ED3A0073-49F7-4671-AFBA-4C4B656957D2}
		{B40F74BD-86F4-4551-B6DB-1C19A3227180} = {6E3FF91B-BC4C-4FD0-ABD6-35859FDC75D1}
		{328F1443-582D-4A23-A9CC-71753BB8E90C} = {EFB4AFEB-B88D-418C-903E-4D43CF691906}
		{4186C7C3-28FD-43A6-91A7-8FE347CCBB6B} = {A95E394F-D184-442B-B155-0D298EA9B071}
		{D99CC1A2-DFC3-4F23-8A8F-06FB851DF33A} = {A95E394F-D184-442B-B155-0D298EA9B071}
		{B8969A12-6AC0-4253-B2E1-58B9A9E93B52} = {A95E394F-D184-442B-B155-0D298EA9B071}
		{A95E394F-D184-442B-B155-0D298EA9B071} = {FCED52CE-C6D5-4A28-8D68-835413FF2C7C}
		{EFB4AFEB-B88D-418C-903E-4D43CF691906} = {FCED52CE-C6D5-4A28-8D68-835413FF2C7C}
		{ED3A0073-49F7-4671-AFBA-4C4B656957D2} = {FCED52CE-C6D5-4A28-8D68-835413FF2C7C}
		{5E860BED-B7BE-44B0-9D60-F7275B0556A3} = {FCED52CE-C6D5-4A28-8D68-835413FF2C7C}
		{DCB5470E-2583-4490-8D3C-C70C8D588C27} = {FCED52CE-C6D5-4A28-8D68-835413FF2C7C}
		{A6FF0934-5B69-4717-A7FA-E0A093D8581E} = {FCED52CE-C6D5-4A28-8D68-835413FF2C7C}
		{443978C3-0EB0-47BF-8A73-271D93104948} = {6E3FF91B-BC4C-4FD0-ABD6-35859FDC75D1}
		{8A034EC9-DDAF-42DF-A9DA-C18705F3BC61} = {A6FF0934-5B69-4717-A7FA-E0A093D8581E}
		{820613BE-13CE-406D-B173-B836C6EFC7C4} = {A6FF0934-5B69-4717-A7FA-E0A093D8581E}
		{96DF977F-9E4C-4657-A305-67738D3209B8} = {6E3FF91B-BC4C-4FD0-ABD6-35859FDC75D1}
		{9791D3D8-C7D1-4F8A-9719-5CA2B07075C5} = {5E860BED-B7BE-44B0-9D60-F7275B0556A3}
		{566CEB1E-2E1E-483D-9435-0473ECD14C91} = {DCB5470E-2583-4490-8D3C-C70C8D588C27}
		{A8516CF4-2769-44CB-9AD9-84595F2356D2} = {EFB4AFEB-B88D-418C-903E-4D43CF691906}
		{D1190B07-21E8-4FF4-A67F-E20ABC2FDC58} = {0C6316E1-C220-41FD-A5D4-6025D7AA95B0}
	EndGlobalSection
	GlobalSection(ExtensibilityGlobals) = postSolution
		SolutionGuid = {B69FCB7C-9A24-4707-8C59-CC50B188A5FA}
	EndGlobalSection
EndGlobal
